{
  "name": "v1-renderer-probe",
  "version": "0.1.0",
  "lockfileVersion": 3,
  "requires": true,
  "packages": {
    "": {
      "name": "v1-renderer-probe",
      "version": "0.1.0",
      "license": "Apache-2.0",
      "dependencies": {
        "@babylonjs/core": "8.32.0"
      }
    },
    "node_modules/@babylonjs/core": {
      "version": "8.32.0",
      "resolved": "https://registry.npmjs.org/@babylonjs/core/-/core-8.32.0.tgz",
      "integrity": "sha512-Z83WIe2eZEAOo5bb9Tjd+lY4ru6N8qgtZJGjWcoXOiP3BrtbatPUXdVKqm7m60ItQABFaVdMGygvIXY+wNXU/Q==",
      "license": "Apache-2.0"
    }
  }
}
